{
  "name": "@teseract/hardcore-api",
  "version": "1.0.0",
  "lockfileVersion": 3,
  "requires": true,
  "packages": {
    "": {
      "name": "@teseract/hardcore-api",
      "version": "1.0.0",
      "license": "ISC",
      "dependencies": {
        "@minecraft/server": "^1.14.0-beta.1.21.20-stable",
        "@teseractmcs/server-api": "^1.0.0"
      }
    },
    "node_modules/@minecraft/common": {
      "version": "1.2.0",
      "resolved": "https://registry.npmjs.org/@minecraft/common/-/common-1.2.0.tgz",
      "integrity": "sha512-JdmEq4P3Z/FtoBzhLijFgMSVFnFRrUoLwY8DHHrgtFo0mfLTOLTB1RErYjLMsA6b7BGVNxkX/pfFRiH7QZ0XwQ=="
    },
    "node_modules/@minecraft/server": {
      "version": "1.14.0-beta.1.21.20-stable",
      "resolved": "https://registry.npmjs.org/@minecraft/server/-/server-1.14.0-beta.1.21.20-stable.tgz",
      "integrity": "sha512-FczVv4P7Qq9UZf+RTaProO43elCeCJ1/4C8z1uLQhQGx2Q+onTpp+2z10K+VrdMSooEMRIBndFhM0hw0e/SDXw==",
      "dependencies": {
        "@minecraft/common": "^1.1.0"
      }
    },
    "node_modules/@teseractmcs/server-api": {
      "version": "1.0.0",
      "resolved": "https://registry.npmjs.org/@teseractmcs/server-api/-/server-api-1.0.0.tgz",
      "integrity": "sha512-AA24SprrAFQmsIyzRtfZ+zJnXy5v9olmmrX2TvmdMV9E+X4pErGtmALKavkDAWC6g0uXSrfBmfsce6gyWo8cog==",
      "dependencies": {
        "@minecraft/server": "^1.14.0-beta.1.21.20-stable",
        "reflect-metadata": "^0.2.2",
        "typescript": "^4.0.0"
      }
    },
    "node_modules/reflect-metadata": {
      "version": "0.2.2",
      "resolved": "https://registry.npmjs.org/reflect-metadata/-/reflect-metadata-0.2.2.tgz",
      "integrity": "sha512-urBwgfrvVP/eAyXx4hluJivBKzuEbSQs9rKWCrCkbSxNv8mxPcUZKeuoF3Uy4mJl3Lwprp6yy5/39VWigZ4K6Q=="
    },
    "node_modules/typescript": {
      "version": "4.9.5",
      "resolved": "https://registry.npmjs.org/typescript/-/typescript-4.9.5.tgz",
      "integrity": "sha512-1FXk9E2Hm+QzZQ7z+McJiHL4NW1F2EzMu9Nq9i3zAaGqibafqYwCVU6WyWAuyQRRzOlxou8xZSyXLEN8oKj24g==",
      "bin": {
        "tsc": "bin/tsc",
        "tsserver": "bin/tsserver"
      },
      "engines": {
        "node": ">=4.2.0"
      }
    }
  }
}
